// !$*UTF8*$!
{
	archiveVersion = 1;
	classes = {
	};
	objectVersion = 56;
	objects = {

/* Begin PBXBuildFile section */
		3F478ECF29DB474E00F6D39E /* Colors.swift in Sources */ = {isa = PBXBuildFile; fileRef = 3F478ECE29DB474E00F6D39E /* Colors.swift */; };
		3F478ED129DB476500F6D39E /* Fonts.swift in Sources */ = {isa = PBXBuildFile; fileRef = 3F478ED029DB476500F6D39E /* Fonts.swift */; };
		3F603CCD29DB4A53000C43D7 /* ProgressHUD in Frameworks */ = {isa = PBXBuildFile; productRef = 3F603CCC29DB4A53000C43D7 /* ProgressHUD */; };
		3F603CD029DB4A74000C43D7 /* Kingfisher in Frameworks */ = {isa = PBXBuildFile; productRef = 3F603CCF29DB4A74000C43D7 /* Kingfisher */; };
		3F68069729CBBAF100B4F915 /* AppDelegate.swift in Sources */ = {isa = PBXBuildFile; fileRef = 3F68069629CBBAF100B4F915 /* AppDelegate.swift */; };
		3F68069929CBBAF100B4F915 /* SceneDelegate.swift in Sources */ = {isa = PBXBuildFile; fileRef = 3F68069829CBBAF100B4F915 /* SceneDelegate.swift */; };
		3F68069B29CBBAF100B4F915 /* ProductDetailsTableViewController.swift in Sources */ = {isa = PBXBuildFile; fileRef = 3F68069A29CBBAF100B4F915 /* ProductDetailsTableViewController.swift */; };
		3F6806A029CBBAF200B4F915 /* Assets.xcassets in Resources */ = {isa = PBXBuildFile; fileRef = 3F68069F29CBBAF200B4F915 /* Assets.xcassets */; };
		3F6806A329CBBAF200B4F915 /* LaunchScreen.storyboard in Resources */ = {isa = PBXBuildFile; fileRef = 3F6806A129CBBAF200B4F915 /* LaunchScreen.storyboard */; };
		3F6806AE29CBBAF200B4F915 /* ExampleUnitTests.swift in Sources */ = {isa = PBXBuildFile; fileRef = 3F6806AD29CBBAF200B4F915 /* ExampleUnitTests.swift */; };
		3F6806B829CBBAF200B4F915 /* FakeNFTUITests.swift in Sources */ = {isa = PBXBuildFile; fileRef = 3F6806B729CBBAF200B4F915 /* FakeNFTUITests.swift */; };
		3F6806CB29CBBCC700B4F915 /* ExampleNetworkModel.swift in Sources */ = {isa = PBXBuildFile; fileRef = 3F6806CA29CBBCC700B4F915 /* ExampleNetworkModel.swift */; };
		3F6806D129CBBE6B00B4F915 /* NetworkClient.swift in Sources */ = {isa = PBXBuildFile; fileRef = 3F6806D029CBBE6B00B4F915 /* NetworkClient.swift */; };
		3F6806D329CBBE9600B4F915 /* NetworkRequest.swift in Sources */ = {isa = PBXBuildFile; fileRef = 3F6806D229CBBE9600B4F915 /* NetworkRequest.swift */; };
		3F6806D529CBBEC700B4F915 /* NetworkTask.swift in Sources */ = {isa = PBXBuildFile; fileRef = 3F6806D429CBBEC700B4F915 /* NetworkTask.swift */; };
		3F6806D729CBC50A00B4F915 /* CellsReusingUtils.swift in Sources */ = {isa = PBXBuildFile; fileRef = 3F6806D629CBC50A00B4F915 /* CellsReusingUtils.swift */; };
		3FC8C38B29D242E90081F015 /* ProductDetailsTableViewCell.swift in Sources */ = {isa = PBXBuildFile; fileRef = 3FC8C38A29D242E90081F015 /* ProductDetailsTableViewCell.swift */; };
		3FC8C39129D2453B0081F015 /* ExampleRequest.swift in Sources */ = {isa = PBXBuildFile; fileRef = 3FC8C39029D2453B0081F015 /* ExampleRequest.swift */; };
		3FC8C39329D246BA0081F015 /* DateFormatters+Presets.swift in Sources */ = {isa = PBXBuildFile; fileRef = 3FC8C39229D246BA0081F015 /* DateFormatters+Presets.swift */; };
		BE28CB1C2AA5E4DA00AADB8D /* ProfileNetworkRequests.swift in Sources */ = {isa = PBXBuildFile; fileRef = BE28CB1B2AA5E4DA00AADB8D /* ProfileNetworkRequests.swift */; };
		BE28CB1E2AA616B500AADB8D /* ProfileUpdateDTO.swift in Sources */ = {isa = PBXBuildFile; fileRef = BE28CB1D2AA616B500AADB8D /* ProfileUpdateDTO.swift */; };
		BE28CB202AA61F4800AADB8D /* ImageValidator.swift in Sources */ = {isa = PBXBuildFile; fileRef = BE28CB1F2AA61F4800AADB8D /* ImageValidator.swift */; };
		BE43E5832A9E05FC00E5A1F6 /* EditingViewController.swift in Sources */ = {isa = PBXBuildFile; fileRef = BE43E5822A9E05FC00E5A1F6 /* EditingViewController.swift */; };
		BE43E58B2A9E327400E5A1F6 /* ProfileService.swift in Sources */ = {isa = PBXBuildFile; fileRef = BE43E58A2A9E327400E5A1F6 /* ProfileService.swift */; };
		BE43E58D2A9E329800E5A1F6 /* ProfileViewModel.swift in Sources */ = {isa = PBXBuildFile; fileRef = BE43E58C2A9E329800E5A1F6 /* ProfileViewModel.swift */; };
		BE43E5902A9E33A200E5A1F6 /* Observable.swift in Sources */ = {isa = PBXBuildFile; fileRef = BE43E58F2A9E33A200E5A1F6 /* Observable.swift */; };
		BE7E893E2A9CC51500C6B536 /* ProfileCell.swift in Sources */ = {isa = PBXBuildFile; fileRef = BE7E893D2A9CC51500C6B536 /* ProfileCell.swift */; };
		BE7E89432A9CCFE800C6B536 /* UserNFTViewController.swift in Sources */ = {isa = PBXBuildFile; fileRef = BE7E89422A9CCFE800C6B536 /* UserNFTViewController.swift */; };
		BE7E89452A9CDA2C00C6B536 /* FavoritesNFTViewController.swift in Sources */ = {isa = PBXBuildFile; fileRef = BE7E89442A9CDA2C00C6B536 /* FavoritesNFTViewController.swift */; };
		BE7E89472A9CDEC000C6B536 /* WebViewViewController.swift in Sources */ = {isa = PBXBuildFile; fileRef = BE7E89462A9CDEC000C6B536 /* WebViewViewController.swift */; };
		BE906FCC2AA754D600178C7D /* UserNFTModel.swift in Sources */ = {isa = PBXBuildFile; fileRef = BE906FCB2AA754D600178C7D /* UserNFTModel.swift */; };
		BE906FCE2AA754EF00178C7D /* UserNFTViewModel.swift in Sources */ = {isa = PBXBuildFile; fileRef = BE906FCD2AA754EF00178C7D /* UserNFTViewModel.swift */; };
		BE906FD02AA7565E00178C7D /* UserProfile.swift in Sources */ = {isa = PBXBuildFile; fileRef = BE906FCF2AA7565E00178C7D /* UserProfile.swift */; };
		BE906FD22AA756B800178C7D /* NFT.swift in Sources */ = {isa = PBXBuildFile; fileRef = BE906FD12AA756B800178C7D /* NFT.swift */; };
		BE906FD42AA760DE00178C7D /* NFTNetworkRequests.swift in Sources */ = {isa = PBXBuildFile; fileRef = BE906FD32AA760DE00178C7D /* NFTNetworkRequests.swift */; };
		BE906FD62AA768C400178C7D /* NumberFormatter+Presets.swift in Sources */ = {isa = PBXBuildFile; fileRef = BE906FD52AA768C400178C7D /* NumberFormatter+Presets.swift */; };
		BE906FD82AA76A3700178C7D /* Author.swift in Sources */ = {isa = PBXBuildFile; fileRef = BE906FD72AA76A3700178C7D /* Author.swift */; };
		BE9319DE2AA1EBDB00BD2D2D /* ProfileRouter.swift in Sources */ = {isa = PBXBuildFile; fileRef = BE9319DD2AA1EBDB00BD2D2D /* ProfileRouter.swift */; };
		BE9319E02AA1F1B400BD2D2D /* ViewControllerFactory.swift in Sources */ = {isa = PBXBuildFile; fileRef = BE9319DF2AA1F1B400BD2D2D /* ViewControllerFactory.swift */; };
		BE9319E22AA2608D00BD2D2D /* AlertService.swift in Sources */ = {isa = PBXBuildFile; fileRef = BE9319E12AA2608D00BD2D2D /* AlertService.swift */; };
		BE9319E42AA3560D00BD2D2D /* ViewFactory.swift in Sources */ = {isa = PBXBuildFile; fileRef = BE9319E32AA3560D00BD2D2D /* ViewFactory.swift */; };
		BE95457C2A98BE79006C9A7C /* MainTabBarController.swift in Sources */ = {isa = PBXBuildFile; fileRef = BE95457B2A98BE79006C9A7C /* MainTabBarController.swift */; };
		BE9545822A98C273006C9A7C /* ProfileViewController.swift in Sources */ = {isa = PBXBuildFile; fileRef = BE9545812A98C273006C9A7C /* ProfileViewController.swift */; };
		BE9545842A98C299006C9A7C /* CatalogViewController.swift in Sources */ = {isa = PBXBuildFile; fileRef = BE9545832A98C299006C9A7C /* CatalogViewController.swift */; };
		BE9545862A98C2DF006C9A7C /* BasketViewController.swift in Sources */ = {isa = PBXBuildFile; fileRef = BE9545852A98C2DF006C9A7C /* BasketViewController.swift */; };
		BE9545882A98C30B006C9A7C /* StatisticsViewController.swift in Sources */ = {isa = PBXBuildFile; fileRef = BE9545872A98C30B006C9A7C /* StatisticsViewController.swift */; };
		BE95458C2A98CE63006C9A7C /* Localizable.strings in Resources */ = {isa = PBXBuildFile; fileRef = BE95458E2A98CE63006C9A7C /* Localizable.strings */; };
		BE9545922A98D226006C9A7C /* UIView + Extensions.swift in Sources */ = {isa = PBXBuildFile; fileRef = BE9545912A98D226006C9A7C /* UIView + Extensions.swift */; };
		BE9545942A98F66E006C9A7C /* CustomButton.swift in Sources */ = {isa = PBXBuildFile; fileRef = BE9545932A98F66E006C9A7C /* CustomButton.swift */; };
		BEAAF4A82AA8900600402335 /* UIViewController + Extensions.swift in Sources */ = {isa = PBXBuildFile; fileRef = BEAAF4A72AA8900600402335 /* UIViewController + Extensions.swift */; };
		BEAAF4AA2AA89A0500402335 /* SortOptions.swift in Sources */ = {isa = PBXBuildFile; fileRef = BEAAF4A92AA89A0500402335 /* SortOptions.swift */; };
		BEB15D472AA71A3500FDC9C1 /* NFTCell.swift in Sources */ = {isa = PBXBuildFile; fileRef = BEB15D462AA71A3500FDC9C1 /* NFTCell.swift */; };
		BEB15D4A2AA727E400FDC9C1 /* Cosmos in Frameworks */ = {isa = PBXBuildFile; productRef = BEB15D492AA727E400FDC9C1 /* Cosmos */; };
/* End PBXBuildFile section */

/* Begin PBXContainerItemProxy section */
		3F6806AA29CBBAF200B4F915 /* PBXContainerItemProxy */ = {
			isa = PBXContainerItemProxy;
			containerPortal = 3F68068B29CBBAF100B4F915 /* Project object */;
			proxyType = 1;
			remoteGlobalIDString = 3F68069229CBBAF100B4F915;
			remoteInfo = FakeNFT;
		};
		3F6806B429CBBAF200B4F915 /* PBXContainerItemProxy */ = {
			isa = PBXContainerItemProxy;
			containerPortal = 3F68068B29CBBAF100B4F915 /* Project object */;
			proxyType = 1;
			remoteGlobalIDString = 3F68069229CBBAF100B4F915;
			remoteInfo = FakeNFT;
		};
/* End PBXContainerItemProxy section */

/* Begin PBXFileReference section */
		3F478ECE29DB474E00F6D39E /* Colors.swift */ = {isa = PBXFileReference; lastKnownFileType = sourcecode.swift; path = Colors.swift; sourceTree = "<group>"; };
		3F478ED029DB476500F6D39E /* Fonts.swift */ = {isa = PBXFileReference; lastKnownFileType = sourcecode.swift; path = Fonts.swift; sourceTree = "<group>"; };
		3F68069329CBBAF100B4F915 /* FakeNFT.app */ = {isa = PBXFileReference; explicitFileType = wrapper.application; includeInIndex = 0; path = FakeNFT.app; sourceTree = BUILT_PRODUCTS_DIR; };
		3F68069629CBBAF100B4F915 /* AppDelegate.swift */ = {isa = PBXFileReference; lastKnownFileType = sourcecode.swift; path = AppDelegate.swift; sourceTree = "<group>"; };
		3F68069829CBBAF100B4F915 /* SceneDelegate.swift */ = {isa = PBXFileReference; lastKnownFileType = sourcecode.swift; path = SceneDelegate.swift; sourceTree = "<group>"; };
		3F68069A29CBBAF100B4F915 /* ProductDetailsTableViewController.swift */ = {isa = PBXFileReference; lastKnownFileType = sourcecode.swift; path = ProductDetailsTableViewController.swift; sourceTree = "<group>"; };
		3F68069F29CBBAF200B4F915 /* Assets.xcassets */ = {isa = PBXFileReference; lastKnownFileType = folder.assetcatalog; path = Assets.xcassets; sourceTree = "<group>"; };
		3F6806A229CBBAF200B4F915 /* Base */ = {isa = PBXFileReference; lastKnownFileType = file.storyboard; name = Base; path = Base.lproj/LaunchScreen.storyboard; sourceTree = "<group>"; };
		3F6806A429CBBAF200B4F915 /* Info.plist */ = {isa = PBXFileReference; lastKnownFileType = text.plist.xml; path = Info.plist; sourceTree = "<group>"; };
		3F6806A929CBBAF200B4F915 /* FakeNFTTests.xctest */ = {isa = PBXFileReference; explicitFileType = wrapper.cfbundle; includeInIndex = 0; path = FakeNFTTests.xctest; sourceTree = BUILT_PRODUCTS_DIR; };
		3F6806AD29CBBAF200B4F915 /* ExampleUnitTests.swift */ = {isa = PBXFileReference; lastKnownFileType = sourcecode.swift; path = ExampleUnitTests.swift; sourceTree = "<group>"; };
		3F6806B329CBBAF200B4F915 /* FakeNFTUITests.xctest */ = {isa = PBXFileReference; explicitFileType = wrapper.cfbundle; includeInIndex = 0; path = FakeNFTUITests.xctest; sourceTree = BUILT_PRODUCTS_DIR; };
		3F6806B729CBBAF200B4F915 /* FakeNFTUITests.swift */ = {isa = PBXFileReference; lastKnownFileType = sourcecode.swift; path = FakeNFTUITests.swift; sourceTree = "<group>"; };
		3F6806CA29CBBCC700B4F915 /* ExampleNetworkModel.swift */ = {isa = PBXFileReference; lastKnownFileType = sourcecode.swift; path = ExampleNetworkModel.swift; sourceTree = "<group>"; };
		3F6806D029CBBE6B00B4F915 /* NetworkClient.swift */ = {isa = PBXFileReference; lastKnownFileType = sourcecode.swift; path = NetworkClient.swift; sourceTree = "<group>"; };
		3F6806D229CBBE9600B4F915 /* NetworkRequest.swift */ = {isa = PBXFileReference; lastKnownFileType = sourcecode.swift; path = NetworkRequest.swift; sourceTree = "<group>"; };
		3F6806D429CBBEC700B4F915 /* NetworkTask.swift */ = {isa = PBXFileReference; lastKnownFileType = sourcecode.swift; path = NetworkTask.swift; sourceTree = "<group>"; };
		3F6806D629CBC50A00B4F915 /* CellsReusingUtils.swift */ = {isa = PBXFileReference; lastKnownFileType = sourcecode.swift; path = CellsReusingUtils.swift; sourceTree = "<group>"; };
		3FC8C38A29D242E90081F015 /* ProductDetailsTableViewCell.swift */ = {isa = PBXFileReference; lastKnownFileType = sourcecode.swift; path = ProductDetailsTableViewCell.swift; sourceTree = "<group>"; };
		3FC8C39029D2453B0081F015 /* ExampleRequest.swift */ = {isa = PBXFileReference; lastKnownFileType = sourcecode.swift; path = ExampleRequest.swift; sourceTree = "<group>"; };
		3FC8C39229D246BA0081F015 /* DateFormatters+Presets.swift */ = {isa = PBXFileReference; lastKnownFileType = sourcecode.swift; path = "DateFormatters+Presets.swift"; sourceTree = "<group>"; };
		BE28CB1B2AA5E4DA00AADB8D /* ProfileNetworkRequests.swift */ = {isa = PBXFileReference; lastKnownFileType = sourcecode.swift; path = ProfileNetworkRequests.swift; sourceTree = "<group>"; };
		BE28CB1D2AA616B500AADB8D /* ProfileUpdateDTO.swift */ = {isa = PBXFileReference; lastKnownFileType = sourcecode.swift; path = ProfileUpdateDTO.swift; sourceTree = "<group>"; };
		BE28CB1F2AA61F4800AADB8D /* ImageValidator.swift */ = {isa = PBXFileReference; lastKnownFileType = sourcecode.swift; path = ImageValidator.swift; sourceTree = "<group>"; };
		BE43E5822A9E05FC00E5A1F6 /* EditingViewController.swift */ = {isa = PBXFileReference; lastKnownFileType = sourcecode.swift; path = EditingViewController.swift; sourceTree = "<group>"; };
		BE43E58A2A9E327400E5A1F6 /* ProfileService.swift */ = {isa = PBXFileReference; lastKnownFileType = sourcecode.swift; path = ProfileService.swift; sourceTree = "<group>"; };
		BE43E58C2A9E329800E5A1F6 /* ProfileViewModel.swift */ = {isa = PBXFileReference; lastKnownFileType = sourcecode.swift; path = ProfileViewModel.swift; sourceTree = "<group>"; };
		BE43E58F2A9E33A200E5A1F6 /* Observable.swift */ = {isa = PBXFileReference; lastKnownFileType = sourcecode.swift; path = Observable.swift; sourceTree = "<group>"; };
		BE7E893D2A9CC51500C6B536 /* ProfileCell.swift */ = {isa = PBXFileReference; lastKnownFileType = sourcecode.swift; path = ProfileCell.swift; sourceTree = "<group>"; };
		BE7E89422A9CCFE800C6B536 /* UserNFTViewController.swift */ = {isa = PBXFileReference; fileEncoding = 4; lastKnownFileType = sourcecode.swift; path = UserNFTViewController.swift; sourceTree = "<group>"; };
		BE7E89442A9CDA2C00C6B536 /* FavoritesNFTViewController.swift */ = {isa = PBXFileReference; lastKnownFileType = sourcecode.swift; path = FavoritesNFTViewController.swift; sourceTree = "<group>"; };
		BE7E89462A9CDEC000C6B536 /* WebViewViewController.swift */ = {isa = PBXFileReference; lastKnownFileType = sourcecode.swift; path = WebViewViewController.swift; sourceTree = "<group>"; };
		BE906FCB2AA754D600178C7D /* UserNFTModel.swift */ = {isa = PBXFileReference; lastKnownFileType = sourcecode.swift; path = UserNFTModel.swift; sourceTree = "<group>"; };
		BE906FCD2AA754EF00178C7D /* UserNFTViewModel.swift */ = {isa = PBXFileReference; lastKnownFileType = sourcecode.swift; path = UserNFTViewModel.swift; sourceTree = "<group>"; };
		BE906FCF2AA7565E00178C7D /* UserProfile.swift */ = {isa = PBXFileReference; lastKnownFileType = sourcecode.swift; path = UserProfile.swift; sourceTree = "<group>"; };
		BE906FD12AA756B800178C7D /* NFT.swift */ = {isa = PBXFileReference; lastKnownFileType = sourcecode.swift; path = NFT.swift; sourceTree = "<group>"; };
		BE906FD32AA760DE00178C7D /* NFTNetworkRequests.swift */ = {isa = PBXFileReference; lastKnownFileType = sourcecode.swift; path = NFTNetworkRequests.swift; sourceTree = "<group>"; };
		BE906FD52AA768C400178C7D /* NumberFormatter+Presets.swift */ = {isa = PBXFileReference; lastKnownFileType = sourcecode.swift; path = "NumberFormatter+Presets.swift"; sourceTree = "<group>"; };
		BE906FD72AA76A3700178C7D /* Author.swift */ = {isa = PBXFileReference; lastKnownFileType = sourcecode.swift; path = Author.swift; sourceTree = "<group>"; };
		BE9319DD2AA1EBDB00BD2D2D /* ProfileRouter.swift */ = {isa = PBXFileReference; lastKnownFileType = sourcecode.swift; path = ProfileRouter.swift; sourceTree = "<group>"; };
		BE9319DF2AA1F1B400BD2D2D /* ViewControllerFactory.swift */ = {isa = PBXFileReference; lastKnownFileType = sourcecode.swift; path = ViewControllerFactory.swift; sourceTree = "<group>"; };
		BE9319E12AA2608D00BD2D2D /* AlertService.swift */ = {isa = PBXFileReference; lastKnownFileType = sourcecode.swift; path = AlertService.swift; sourceTree = "<group>"; };
		BE9319E32AA3560D00BD2D2D /* ViewFactory.swift */ = {isa = PBXFileReference; lastKnownFileType = sourcecode.swift; path = ViewFactory.swift; sourceTree = "<group>"; };
		BE95457B2A98BE79006C9A7C /* MainTabBarController.swift */ = {isa = PBXFileReference; lastKnownFileType = sourcecode.swift; path = MainTabBarController.swift; sourceTree = "<group>"; };
		BE9545812A98C273006C9A7C /* ProfileViewController.swift */ = {isa = PBXFileReference; lastKnownFileType = sourcecode.swift; path = ProfileViewController.swift; sourceTree = "<group>"; };
		BE9545832A98C299006C9A7C /* CatalogViewController.swift */ = {isa = PBXFileReference; lastKnownFileType = sourcecode.swift; path = CatalogViewController.swift; sourceTree = "<group>"; };
		BE9545852A98C2DF006C9A7C /* BasketViewController.swift */ = {isa = PBXFileReference; lastKnownFileType = sourcecode.swift; path = BasketViewController.swift; sourceTree = "<group>"; };
		BE9545872A98C30B006C9A7C /* StatisticsViewController.swift */ = {isa = PBXFileReference; lastKnownFileType = sourcecode.swift; path = StatisticsViewController.swift; sourceTree = "<group>"; };
		BE95458D2A98CE63006C9A7C /* en */ = {isa = PBXFileReference; lastKnownFileType = text.plist.strings; name = en; path = en.lproj/Localizable.strings; sourceTree = "<group>"; };
		BE95458F2A98CE74006C9A7C /* ru */ = {isa = PBXFileReference; lastKnownFileType = text.plist.strings; name = ru; path = ru.lproj/Localizable.strings; sourceTree = "<group>"; };
		BE9545912A98D226006C9A7C /* UIView + Extensions.swift */ = {isa = PBXFileReference; lastKnownFileType = sourcecode.swift; path = "UIView + Extensions.swift"; sourceTree = "<group>"; };
		BE9545932A98F66E006C9A7C /* CustomButton.swift */ = {isa = PBXFileReference; lastKnownFileType = sourcecode.swift; path = CustomButton.swift; sourceTree = "<group>"; };
		BEAAF4A72AA8900600402335 /* UIViewController + Extensions.swift */ = {isa = PBXFileReference; lastKnownFileType = sourcecode.swift; path = "UIViewController + Extensions.swift"; sourceTree = "<group>"; };
		BEAAF4A92AA89A0500402335 /* SortOptions.swift */ = {isa = PBXFileReference; lastKnownFileType = sourcecode.swift; path = SortOptions.swift; sourceTree = "<group>"; };
		BEB15D462AA71A3500FDC9C1 /* NFTCell.swift */ = {isa = PBXFileReference; lastKnownFileType = sourcecode.swift; path = NFTCell.swift; sourceTree = "<group>"; };
/* End PBXFileReference section */

/* Begin PBXFrameworksBuildPhase section */
		3F68069029CBBAF100B4F915 /* Frameworks */ = {
			isa = PBXFrameworksBuildPhase;
			buildActionMask = 2147483647;
			files = (
				BEB15D4A2AA727E400FDC9C1 /* Cosmos in Frameworks */,
				3F603CD029DB4A74000C43D7 /* Kingfisher in Frameworks */,
				3F603CCD29DB4A53000C43D7 /* ProgressHUD in Frameworks */,
			);
			runOnlyForDeploymentPostprocessing = 0;
		};
		3F6806A629CBBAF200B4F915 /* Frameworks */ = {
			isa = PBXFrameworksBuildPhase;
			buildActionMask = 2147483647;
			files = (
			);
			runOnlyForDeploymentPostprocessing = 0;
		};
		3F6806B029CBBAF200B4F915 /* Frameworks */ = {
			isa = PBXFrameworksBuildPhase;
			buildActionMask = 2147483647;
			files = (
			);
			runOnlyForDeploymentPostprocessing = 0;
		};
/* End PBXFrameworksBuildPhase section */

/* Begin PBXGroup section */
		3F478ECD29DB473000F6D39E /* DesignSystem */ = {
			isa = PBXGroup;
			children = (
				3F478ECE29DB474E00F6D39E /* Colors.swift */,
				3F478ED029DB476500F6D39E /* Fonts.swift */,
				BE9545932A98F66E006C9A7C /* CustomButton.swift */,
			);
			path = DesignSystem;
			sourceTree = "<group>";
		};
		3F68068A29CBBAF100B4F915 = {
			isa = PBXGroup;
			children = (
				3F68069529CBBAF100B4F915 /* FakeNFT */,
				3F6806AC29CBBAF200B4F915 /* FakeNFTTests */,
				3F6806B629CBBAF200B4F915 /* FakeNFTUITests */,
				3F68069429CBBAF100B4F915 /* Products */,
			);
			sourceTree = "<group>";
		};
		3F68069429CBBAF100B4F915 /* Products */ = {
			isa = PBXGroup;
			children = (
				3F68069329CBBAF100B4F915 /* FakeNFT.app */,
				3F6806A929CBBAF200B4F915 /* FakeNFTTests.xctest */,
				3F6806B329CBBAF200B4F915 /* FakeNFTUITests.xctest */,
			);
			name = Products;
			sourceTree = "<group>";
		};
		3F68069529CBBAF100B4F915 /* FakeNFT */ = {
			isa = PBXGroup;
			children = (
				3F68069629CBBAF100B4F915 /* AppDelegate.swift */,
				3F68069829CBBAF100B4F915 /* SceneDelegate.swift */,
				BE95457B2A98BE79006C9A7C /* MainTabBarController.swift */,
				3F478ECD29DB473000F6D39E /* DesignSystem */,
				3F6806CE29CBBD1B00B4F915 /* Foundation */,
				3F6806C929CBBCAF00B4F915 /* Models */,
				3F6806C729CBBC5B00B4F915 /* Scenes  */,
				3F6806C629CBBC4E00B4F915 /* Services */,
				BE43E58E2A9E338C00E5A1F6 /* Helpers */,
				BE9545952A98F67A006C9A7C /* Extensions */,
				3F68069F29CBBAF200B4F915 /* Assets.xcassets */,
				BE95458E2A98CE63006C9A7C /* Localizable.strings */,
				3F6806A129CBBAF200B4F915 /* LaunchScreen.storyboard */,
				3F6806A429CBBAF200B4F915 /* Info.plist */,
			);
			path = FakeNFT;
			sourceTree = "<group>";
		};
		3F6806AC29CBBAF200B4F915 /* FakeNFTTests */ = {
			isa = PBXGroup;
			children = (
				3F6806AD29CBBAF200B4F915 /* ExampleUnitTests.swift */,
			);
			path = FakeNFTTests;
			sourceTree = "<group>";
		};
		3F6806B629CBBAF200B4F915 /* FakeNFTUITests */ = {
			isa = PBXGroup;
			children = (
				3F6806B729CBBAF200B4F915 /* FakeNFTUITests.swift */,
			);
			path = FakeNFTUITests;
			sourceTree = "<group>";
		};
		3F6806C629CBBC4E00B4F915 /* Services */ = {
			isa = PBXGroup;
			children = (
				3FC8C38F29D245250081F015 /* Requests */,
			);
			path = Services;
			sourceTree = "<group>";
		};
		3F6806C729CBBC5B00B4F915 /* Scenes  */ = {
			isa = PBXGroup;
			children = (
				BE95457D2A98C217006C9A7C /* Profile */,
				BE95457E2A98C22A006C9A7C /* Catalog */,
				BE95457F2A98C234006C9A7C /* Basket */,
				BE9545802A98C251006C9A7C /* Statistics */,
				3F6806C829CBBC8100B4F915 /* ProductDetails */,
			);
			path = "Scenes ";
			sourceTree = "<group>";
		};
		3F6806C829CBBC8100B4F915 /* ProductDetails */ = {
			isa = PBXGroup;
			children = (
				3F68069A29CBBAF100B4F915 /* ProductDetailsTableViewController.swift */,
				3FC8C38A29D242E90081F015 /* ProductDetailsTableViewCell.swift */,
			);
			path = ProductDetails;
			sourceTree = "<group>";
		};
		3F6806C929CBBCAF00B4F915 /* Models */ = {
			isa = PBXGroup;
			children = (
				3F6806D829CC979D00B4F915 /* Network */,
			);
			path = Models;
			sourceTree = "<group>";
		};
		3F6806CE29CBBD1B00B4F915 /* Foundation */ = {
			isa = PBXGroup;
			children = (
				3F6806CF29CBBDB100B4F915 /* NetworkClient */,
				3F6806D629CBC50A00B4F915 /* CellsReusingUtils.swift */,
				3FC8C39229D246BA0081F015 /* DateFormatters+Presets.swift */,
				BE906FD52AA768C400178C7D /* NumberFormatter+Presets.swift */,
			);
			path = Foundation;
			sourceTree = "<group>";
		};
		3F6806CF29CBBDB100B4F915 /* NetworkClient */ = {
			isa = PBXGroup;
			children = (
				3F6806D029CBBE6B00B4F915 /* NetworkClient.swift */,
				3F6806D229CBBE9600B4F915 /* NetworkRequest.swift */,
				3F6806D429CBBEC700B4F915 /* NetworkTask.swift */,
			);
			path = NetworkClient;
			sourceTree = "<group>";
		};
		3F6806D829CC979D00B4F915 /* Network */ = {
			isa = PBXGroup;
			children = (
				3F6806CA29CBBCC700B4F915 /* ExampleNetworkModel.swift */,
				BE28CB1D2AA616B500AADB8D /* ProfileUpdateDTO.swift */,
				BE906FD12AA756B800178C7D /* NFT.swift */,
				BE906FCF2AA7565E00178C7D /* UserProfile.swift */,
				BE906FD72AA76A3700178C7D /* Author.swift */,
			);
			path = Network;
			sourceTree = "<group>";
		};
		3FC8C38F29D245250081F015 /* Requests */ = {
			isa = PBXGroup;
			children = (
				3FC8C39029D2453B0081F015 /* ExampleRequest.swift */,
				BE28CB1B2AA5E4DA00AADB8D /* ProfileNetworkRequests.swift */,
				BE906FD32AA760DE00178C7D /* NFTNetworkRequests.swift */,
			);
			path = Requests;
			sourceTree = "<group>";
		};
		BE43E58E2A9E338C00E5A1F6 /* Helpers */ = {
			isa = PBXGroup;
			children = (
				BE43E58F2A9E33A200E5A1F6 /* Observable.swift */,
				BE9319E12AA2608D00BD2D2D /* AlertService.swift */,
				BE9319DF2AA1F1B400BD2D2D /* ViewControllerFactory.swift */,
				BE9319E32AA3560D00BD2D2D /* ViewFactory.swift */,
				BE28CB1F2AA61F4800AADB8D /* ImageValidator.swift */,
				BEAAF4A92AA89A0500402335 /* SortOptions.swift */,
			);
			path = Helpers;
			sourceTree = "<group>";
		};
		BE7E893F2A9CCE2300C6B536 /* AboutDevScreen */ = {
			isa = PBXGroup;
			children = (
				BE7E89462A9CDEC000C6B536 /* WebViewViewController.swift */,
			);
			path = AboutDevScreen;
			sourceTree = "<group>";
		};
		BE906FC92AA751B400178C7D /* ProfileScreen */ = {
			isa = PBXGroup;
			children = (
				BE43E58A2A9E327400E5A1F6 /* ProfileService.swift */,
				BEB15D402AA7196E00FDC9C1 /* Views */,
				BE43E58C2A9E329800E5A1F6 /* ProfileViewModel.swift */,
			);
			path = ProfileScreen;
			sourceTree = "<group>";
		};
		BE906FCA2AA754BD00178C7D /* Views */ = {
			isa = PBXGroup;
			children = (
				BE7E89422A9CCFE800C6B536 /* UserNFTViewController.swift */,
				BEB15D462AA71A3500FDC9C1 /* NFTCell.swift */,
			);
			path = Views;
			sourceTree = "<group>";
		};
		BE95457D2A98C217006C9A7C /* Profile */ = {
			isa = PBXGroup;
			children = (
				BE9319DD2AA1EBDB00BD2D2D /* ProfileRouter.swift */,
				BE906FC92AA751B400178C7D /* ProfileScreen */,
				BEB15D412AA7197F00FDC9C1 /* EditScreen */,
				BEB15D422AA7198F00FDC9C1 /* UserNFTScreen */,
				BEB15D432AA719B900FDC9C1 /* FavoritesNFTScreen */,
				BE7E893F2A9CCE2300C6B536 /* AboutDevScreen */,
			);
			path = Profile;
			sourceTree = "<group>";
		};
		BE95457E2A98C22A006C9A7C /* Catalog */ = {
			isa = PBXGroup;
			children = (
				BE9545832A98C299006C9A7C /* CatalogViewController.swift */,
			);
			path = Catalog;
			sourceTree = "<group>";
		};
		BE95457F2A98C234006C9A7C /* Basket */ = {
			isa = PBXGroup;
			children = (
				BE9545852A98C2DF006C9A7C /* BasketViewController.swift */,
			);
			path = Basket;
			sourceTree = "<group>";
		};
		BE9545802A98C251006C9A7C /* Statistics */ = {
			isa = PBXGroup;
			children = (
				BE9545872A98C30B006C9A7C /* StatisticsViewController.swift */,
			);
			path = Statistics;
			sourceTree = "<group>";
		};
		BE9545952A98F67A006C9A7C /* Extensions */ = {
			isa = PBXGroup;
			children = (
				BE9545912A98D226006C9A7C /* UIView + Extensions.swift */,
				BEAAF4A72AA8900600402335 /* UIViewController + Extensions.swift */,
			);
			path = Extensions;
			sourceTree = "<group>";
		};
		BEB15D402AA7196E00FDC9C1 /* Views */ = {
			isa = PBXGroup;
			children = (
				BE9545812A98C273006C9A7C /* ProfileViewController.swift */,
				BE7E893D2A9CC51500C6B536 /* ProfileCell.swift */,
			);
			path = Views;
			sourceTree = "<group>";
		};
		BEB15D412AA7197F00FDC9C1 /* EditScreen */ = {
			isa = PBXGroup;
			children = (
				BE43E5822A9E05FC00E5A1F6 /* EditingViewController.swift */,
			);
			path = EditScreen;
			sourceTree = "<group>";
		};
		BEB15D422AA7198F00FDC9C1 /* UserNFTScreen */ = {
			isa = PBXGroup;
			children = (
				BE906FCB2AA754D600178C7D /* UserNFTModel.swift */,
				BE906FCA2AA754BD00178C7D /* Views */,
				BE906FCD2AA754EF00178C7D /* UserNFTViewModel.swift */,
			);
			path = UserNFTScreen;
			sourceTree = "<group>";
		};
		BEB15D432AA719B900FDC9C1 /* FavoritesNFTScreen */ = {
			isa = PBXGroup;
			children = (
				BE7E89442A9CDA2C00C6B536 /* FavoritesNFTViewController.swift */,
			);
			path = FavoritesNFTScreen;
			sourceTree = "<group>";
		};
/* End PBXGroup section */

/* Begin PBXNativeTarget section */
		3F68069229CBBAF100B4F915 /* FakeNFT */ = {
			isa = PBXNativeTarget;
			buildConfigurationList = 3F6806BD29CBBAF200B4F915 /* Build configuration list for PBXNativeTarget "FakeNFT" */;
			buildPhases = (
				3F68068F29CBBAF100B4F915 /* Sources */,
				3F68069029CBBAF100B4F915 /* Frameworks */,
				3F68069129CBBAF100B4F915 /* Resources */,
			);
			buildRules = (
			);
			dependencies = (
			);
			name = FakeNFT;
			packageProductDependencies = (
				3F603CCC29DB4A53000C43D7 /* ProgressHUD */,
				3F603CCF29DB4A74000C43D7 /* Kingfisher */,
				BEB15D492AA727E400FDC9C1 /* Cosmos */,
			);
			productName = FakeNFT;
			productReference = 3F68069329CBBAF100B4F915 /* FakeNFT.app */;
			productType = "com.apple.product-type.application";
		};
		3F6806A829CBBAF200B4F915 /* FakeNFTTests */ = {
			isa = PBXNativeTarget;
			buildConfigurationList = 3F6806C029CBBAF200B4F915 /* Build configuration list for PBXNativeTarget "FakeNFTTests" */;
			buildPhases = (
				3F6806A529CBBAF200B4F915 /* Sources */,
				3F6806A629CBBAF200B4F915 /* Frameworks */,
				3F6806A729CBBAF200B4F915 /* Resources */,
			);
			buildRules = (
			);
			dependencies = (
				3F6806AB29CBBAF200B4F915 /* PBXTargetDependency */,
			);
			name = FakeNFTTests;
			productName = FakeNFTTests;
			productReference = 3F6806A929CBBAF200B4F915 /* FakeNFTTests.xctest */;
			productType = "com.apple.product-type.bundle.unit-test";
		};
		3F6806B229CBBAF200B4F915 /* FakeNFTUITests */ = {
			isa = PBXNativeTarget;
			buildConfigurationList = 3F6806C329CBBAF200B4F915 /* Build configuration list for PBXNativeTarget "FakeNFTUITests" */;
			buildPhases = (
				3F6806AF29CBBAF200B4F915 /* Sources */,
				3F6806B029CBBAF200B4F915 /* Frameworks */,
				3F6806B129CBBAF200B4F915 /* Resources */,
			);
			buildRules = (
			);
			dependencies = (
				3F6806B529CBBAF200B4F915 /* PBXTargetDependency */,
			);
			name = FakeNFTUITests;
			productName = FakeNFTUITests;
			productReference = 3F6806B329CBBAF200B4F915 /* FakeNFTUITests.xctest */;
			productType = "com.apple.product-type.bundle.ui-testing";
		};
/* End PBXNativeTarget section */

/* Begin PBXProject section */
		3F68068B29CBBAF100B4F915 /* Project object */ = {
			isa = PBXProject;
			attributes = {
				BuildIndependentTargetsInParallel = 1;
				LastSwiftUpdateCheck = 1420;
				LastUpgradeCheck = 1420;
				TargetAttributes = {
					3F68069229CBBAF100B4F915 = {
						CreatedOnToolsVersion = 14.2;
					};
					3F6806A829CBBAF200B4F915 = {
						CreatedOnToolsVersion = 14.2;
						TestTargetID = 3F68069229CBBAF100B4F915;
					};
					3F6806B229CBBAF200B4F915 = {
						CreatedOnToolsVersion = 14.2;
						TestTargetID = 3F68069229CBBAF100B4F915;
					};
				};
			};
			buildConfigurationList = 3F68068E29CBBAF100B4F915 /* Build configuration list for PBXProject "FakeNFT" */;
			compatibilityVersion = "Xcode 14.0";
			developmentRegion = en;
			hasScannedForEncodings = 0;
			knownRegions = (
				en,
				Base,
				ru,
			);
			mainGroup = 3F68068A29CBBAF100B4F915;
			packageReferences = (
				3F603CCB29DB4A53000C43D7 /* XCRemoteSwiftPackageReference "ProgressHUD" */,
				3F603CCE29DB4A74000C43D7 /* XCRemoteSwiftPackageReference "Kingfisher" */,
				BEB15D482AA727E400FDC9C1 /* XCRemoteSwiftPackageReference "Cosmos" */,
			);
			productRefGroup = 3F68069429CBBAF100B4F915 /* Products */;
			projectDirPath = "";
			projectRoot = "";
			targets = (
				3F68069229CBBAF100B4F915 /* FakeNFT */,
				3F6806A829CBBAF200B4F915 /* FakeNFTTests */,
				3F6806B229CBBAF200B4F915 /* FakeNFTUITests */,
			);
		};
/* End PBXProject section */

/* Begin PBXResourcesBuildPhase section */
		3F68069129CBBAF100B4F915 /* Resources */ = {
			isa = PBXResourcesBuildPhase;
			buildActionMask = 2147483647;
			files = (
				3F6806A329CBBAF200B4F915 /* LaunchScreen.storyboard in Resources */,
				BE95458C2A98CE63006C9A7C /* Localizable.strings in Resources */,
				3F6806A029CBBAF200B4F915 /* Assets.xcassets in Resources */,
			);
			runOnlyForDeploymentPostprocessing = 0;
		};
		3F6806A729CBBAF200B4F915 /* Resources */ = {
			isa = PBXResourcesBuildPhase;
			buildActionMask = 2147483647;
			files = (
			);
			runOnlyForDeploymentPostprocessing = 0;
		};
		3F6806B129CBBAF200B4F915 /* Resources */ = {
			isa = PBXResourcesBuildPhase;
			buildActionMask = 2147483647;
			files = (
			);
			runOnlyForDeploymentPostprocessing = 0;
		};
/* End PBXResourcesBuildPhase section */

/* Begin PBXSourcesBuildPhase section */
		3F68068F29CBBAF100B4F915 /* Sources */ = {
			isa = PBXSourcesBuildPhase;
			buildActionMask = 2147483647;
			files = (
				BE9545862A98C2DF006C9A7C /* BasketViewController.swift in Sources */,
				BE9545842A98C299006C9A7C /* CatalogViewController.swift in Sources */,
				3FC8C38B29D242E90081F015 /* ProductDetailsTableViewCell.swift in Sources */,
				BE43E58D2A9E329800E5A1F6 /* ProfileViewModel.swift in Sources */,
				BEB15D472AA71A3500FDC9C1 /* NFTCell.swift in Sources */,
				3F478ECF29DB474E00F6D39E /* Colors.swift in Sources */,
				BE9545942A98F66E006C9A7C /* CustomButton.swift in Sources */,
				3F478ED129DB476500F6D39E /* Fonts.swift in Sources */,
				BE7E893E2A9CC51500C6B536 /* ProfileCell.swift in Sources */,
				BE28CB1C2AA5E4DA00AADB8D /* ProfileNetworkRequests.swift in Sources */,
				BE906FCC2AA754D600178C7D /* UserNFTModel.swift in Sources */,
				3FC8C39329D246BA0081F015 /* DateFormatters+Presets.swift in Sources */,
				BE906FD22AA756B800178C7D /* NFT.swift in Sources */,
				BE906FD82AA76A3700178C7D /* Author.swift in Sources */,
				BE43E5832A9E05FC00E5A1F6 /* EditingViewController.swift in Sources */,
				3F68069B29CBBAF100B4F915 /* ProductDetailsTableViewController.swift in Sources */,
				3F6806D529CBBEC700B4F915 /* NetworkTask.swift in Sources */,
				BE7E89432A9CCFE800C6B536 /* UserNFTViewController.swift in Sources */,
				BEAAF4A82AA8900600402335 /* UIViewController + Extensions.swift in Sources */,
				3F68069729CBBAF100B4F915 /* AppDelegate.swift in Sources */,
				BE43E58B2A9E327400E5A1F6 /* ProfileService.swift in Sources */,
				3F68069929CBBAF100B4F915 /* SceneDelegate.swift in Sources */,
				BE906FD02AA7565E00178C7D /* UserProfile.swift in Sources */,
				3FC8C39129D2453B0081F015 /* ExampleRequest.swift in Sources */,
				3F6806D729CBC50A00B4F915 /* CellsReusingUtils.swift in Sources */,
				BE9319E42AA3560D00BD2D2D /* ViewFactory.swift in Sources */,
				BE9545922A98D226006C9A7C /* UIView + Extensions.swift in Sources */,
				BE9319E02AA1F1B400BD2D2D /* ViewControllerFactory.swift in Sources */,
				BE28CB1E2AA616B500AADB8D /* ProfileUpdateDTO.swift in Sources */,
				BE95457C2A98BE79006C9A7C /* MainTabBarController.swift in Sources */,
				BE9319E22AA2608D00BD2D2D /* AlertService.swift in Sources */,
				3F6806D329CBBE9600B4F915 /* NetworkRequest.swift in Sources */,
				BE9545822A98C273006C9A7C /* ProfileViewController.swift in Sources */,
				BE28CB202AA61F4800AADB8D /* ImageValidator.swift in Sources */,
				BE9545882A98C30B006C9A7C /* StatisticsViewController.swift in Sources */,
				BE9319DE2AA1EBDB00BD2D2D /* ProfileRouter.swift in Sources */,
				3F6806CB29CBBCC700B4F915 /* ExampleNetworkModel.swift in Sources */,
				BEAAF4AA2AA89A0500402335 /* SortOptions.swift in Sources */,
				BE43E5902A9E33A200E5A1F6 /* Observable.swift in Sources */,
				BE906FCE2AA754EF00178C7D /* UserNFTViewModel.swift in Sources */,
				3F6806D129CBBE6B00B4F915 /* NetworkClient.swift in Sources */,
				BE906FD42AA760DE00178C7D /* NFTNetworkRequests.swift in Sources */,
				BE7E89472A9CDEC000C6B536 /* WebViewViewController.swift in Sources */,
				BE906FD62AA768C400178C7D /* NumberFormatter+Presets.swift in Sources */,
				BE7E89452A9CDA2C00C6B536 /* FavoritesNFTViewController.swift in Sources */,
			);
			runOnlyForDeploymentPostprocessing = 0;
		};
		3F6806A529CBBAF200B4F915 /* Sources */ = {
			isa = PBXSourcesBuildPhase;
			buildActionMask = 2147483647;
			files = (
				3F6806AE29CBBAF200B4F915 /* ExampleUnitTests.swift in Sources */,
			);
			runOnlyForDeploymentPostprocessing = 0;
		};
		3F6806AF29CBBAF200B4F915 /* Sources */ = {
			isa = PBXSourcesBuildPhase;
			buildActionMask = 2147483647;
			files = (
				3F6806B829CBBAF200B4F915 /* FakeNFTUITests.swift in Sources */,
			);
			runOnlyForDeploymentPostprocessing = 0;
		};
/* End PBXSourcesBuildPhase section */

/* Begin PBXTargetDependency section */
		3F6806AB29CBBAF200B4F915 /* PBXTargetDependency */ = {
			isa = PBXTargetDependency;
			target = 3F68069229CBBAF100B4F915 /* FakeNFT */;
			targetProxy = 3F6806AA29CBBAF200B4F915 /* PBXContainerItemProxy */;
		};
		3F6806B529CBBAF200B4F915 /* PBXTargetDependency */ = {
			isa = PBXTargetDependency;
			target = 3F68069229CBBAF100B4F915 /* FakeNFT */;
			targetProxy = 3F6806B429CBBAF200B4F915 /* PBXContainerItemProxy */;
		};
/* End PBXTargetDependency section */

/* Begin PBXVariantGroup section */
		3F6806A129CBBAF200B4F915 /* LaunchScreen.storyboard */ = {
			isa = PBXVariantGroup;
			children = (
				3F6806A229CBBAF200B4F915 /* Base */,
			);
			name = LaunchScreen.storyboard;
			sourceTree = "<group>";
		};
		BE95458E2A98CE63006C9A7C /* Localizable.strings */ = {
			isa = PBXVariantGroup;
			children = (
				BE95458D2A98CE63006C9A7C /* en */,
				BE95458F2A98CE74006C9A7C /* ru */,
			);
			name = Localizable.strings;
			sourceTree = "<group>";
		};
/* End PBXVariantGroup section */

/* Begin XCBuildConfiguration section */
		3F6806BB29CBBAF200B4F915 /* Debug */ = {
			isa = XCBuildConfiguration;
			buildSettings = {
				ALWAYS_SEARCH_USER_PATHS = NO;
				CLANG_ANALYZER_LOCALIZABILITY_NONLOCALIZED = YES;
				CLANG_ANALYZER_NONNULL = YES;
				CLANG_ANALYZER_NUMBER_OBJECT_CONVERSION = YES_AGGRESSIVE;
				CLANG_CXX_LANGUAGE_STANDARD = "gnu++20";
				CLANG_ENABLE_MODULES = YES;
				CLANG_ENABLE_OBJC_ARC = YES;
				CLANG_ENABLE_OBJC_WEAK = YES;
				CLANG_WARN_BLOCK_CAPTURE_AUTORELEASING = YES;
				CLANG_WARN_BOOL_CONVERSION = YES;
				CLANG_WARN_COMMA = YES;
				CLANG_WARN_CONSTANT_CONVERSION = YES;
				CLANG_WARN_DEPRECATED_OBJC_IMPLEMENTATIONS = YES;
				CLANG_WARN_DIRECT_OBJC_ISA_USAGE = YES_ERROR;
				CLANG_WARN_DOCUMENTATION_COMMENTS = YES;
				CLANG_WARN_EMPTY_BODY = YES;
				CLANG_WARN_ENUM_CONVERSION = YES;
				CLANG_WARN_INFINITE_RECURSION = YES;
				CLANG_WARN_INT_CONVERSION = YES;
				CLANG_WARN_NON_LITERAL_NULL_CONVERSION = YES;
				CLANG_WARN_OBJC_IMPLICIT_RETAIN_SELF = YES;
				CLANG_WARN_OBJC_LITERAL_CONVERSION = YES;
				CLANG_WARN_OBJC_ROOT_CLASS = YES_ERROR;
				CLANG_WARN_QUOTED_INCLUDE_IN_FRAMEWORK_HEADER = YES;
				CLANG_WARN_RANGE_LOOP_ANALYSIS = YES;
				CLANG_WARN_STRICT_PROTOTYPES = YES;
				CLANG_WARN_SUSPICIOUS_MOVE = YES;
				CLANG_WARN_UNGUARDED_AVAILABILITY = YES_AGGRESSIVE;
				CLANG_WARN_UNREACHABLE_CODE = YES;
				CLANG_WARN__DUPLICATE_METHOD_MATCH = YES;
				COPY_PHASE_STRIP = NO;
				DEBUG_INFORMATION_FORMAT = dwarf;
				ENABLE_STRICT_OBJC_MSGSEND = YES;
				ENABLE_TESTABILITY = YES;
				GCC_C_LANGUAGE_STANDARD = gnu11;
				GCC_DYNAMIC_NO_PIC = NO;
				GCC_NO_COMMON_BLOCKS = YES;
				GCC_OPTIMIZATION_LEVEL = 0;
				GCC_PREPROCESSOR_DEFINITIONS = (
					"DEBUG=1",
					"$(inherited)",
				);
				GCC_WARN_64_TO_32_BIT_CONVERSION = YES;
				GCC_WARN_ABOUT_RETURN_TYPE = YES_ERROR;
				GCC_WARN_UNDECLARED_SELECTOR = YES;
				GCC_WARN_UNINITIALIZED_AUTOS = YES_AGGRESSIVE;
				GCC_WARN_UNUSED_FUNCTION = YES;
				GCC_WARN_UNUSED_VARIABLE = YES;
				IPHONEOS_DEPLOYMENT_TARGET = 13.0;
				MTL_ENABLE_DEBUG_INFO = INCLUDE_SOURCE;
				MTL_FAST_MATH = YES;
				ONLY_ACTIVE_ARCH = YES;
				SDKROOT = iphoneos;
				SWIFT_ACTIVE_COMPILATION_CONDITIONS = DEBUG;
				SWIFT_OPTIMIZATION_LEVEL = "-Onone";
			};
			name = Debug;
		};
		3F6806BC29CBBAF200B4F915 /* Release */ = {
			isa = XCBuildConfiguration;
			buildSettings = {
				ALWAYS_SEARCH_USER_PATHS = NO;
				CLANG_ANALYZER_LOCALIZABILITY_NONLOCALIZED = YES;
				CLANG_ANALYZER_NONNULL = YES;
				CLANG_ANALYZER_NUMBER_OBJECT_CONVERSION = YES_AGGRESSIVE;
				CLANG_CXX_LANGUAGE_STANDARD = "gnu++20";
				CLANG_ENABLE_MODULES = YES;
				CLANG_ENABLE_OBJC_ARC = YES;
				CLANG_ENABLE_OBJC_WEAK = YES;
				CLANG_WARN_BLOCK_CAPTURE_AUTORELEASING = YES;
				CLANG_WARN_BOOL_CONVERSION = YES;
				CLANG_WARN_COMMA = YES;
				CLANG_WARN_CONSTANT_CONVERSION = YES;
				CLANG_WARN_DEPRECATED_OBJC_IMPLEMENTATIONS = YES;
				CLANG_WARN_DIRECT_OBJC_ISA_USAGE = YES_ERROR;
				CLANG_WARN_DOCUMENTATION_COMMENTS = YES;
				CLANG_WARN_EMPTY_BODY = YES;
				CLANG_WARN_ENUM_CONVERSION = YES;
				CLANG_WARN_INFINITE_RECURSION = YES;
				CLANG_WARN_INT_CONVERSION = YES;
				CLANG_WARN_NON_LITERAL_NULL_CONVERSION = YES;
				CLANG_WARN_OBJC_IMPLICIT_RETAIN_SELF = YES;
				CLANG_WARN_OBJC_LITERAL_CONVERSION = YES;
				CLANG_WARN_OBJC_ROOT_CLASS = YES_ERROR;
				CLANG_WARN_QUOTED_INCLUDE_IN_FRAMEWORK_HEADER = YES;
				CLANG_WARN_RANGE_LOOP_ANALYSIS = YES;
				CLANG_WARN_STRICT_PROTOTYPES = YES;
				CLANG_WARN_SUSPICIOUS_MOVE = YES;
				CLANG_WARN_UNGUARDED_AVAILABILITY = YES_AGGRESSIVE;
				CLANG_WARN_UNREACHABLE_CODE = YES;
				CLANG_WARN__DUPLICATE_METHOD_MATCH = YES;
				COPY_PHASE_STRIP = NO;
				DEBUG_INFORMATION_FORMAT = "dwarf-with-dsym";
				ENABLE_NS_ASSERTIONS = NO;
				ENABLE_STRICT_OBJC_MSGSEND = YES;
				GCC_C_LANGUAGE_STANDARD = gnu11;
				GCC_NO_COMMON_BLOCKS = YES;
				GCC_WARN_64_TO_32_BIT_CONVERSION = YES;
				GCC_WARN_ABOUT_RETURN_TYPE = YES_ERROR;
				GCC_WARN_UNDECLARED_SELECTOR = YES;
				GCC_WARN_UNINITIALIZED_AUTOS = YES_AGGRESSIVE;
				GCC_WARN_UNUSED_FUNCTION = YES;
				GCC_WARN_UNUSED_VARIABLE = YES;
				IPHONEOS_DEPLOYMENT_TARGET = 13.0;
				MTL_ENABLE_DEBUG_INFO = NO;
				MTL_FAST_MATH = YES;
				SDKROOT = iphoneos;
				SWIFT_COMPILATION_MODE = wholemodule;
				SWIFT_OPTIMIZATION_LEVEL = "-O";
				VALIDATE_PRODUCT = YES;
			};
			name = Release;
		};
		3F6806BE29CBBAF200B4F915 /* Debug */ = {
			isa = XCBuildConfiguration;
			buildSettings = {
				ASSETCATALOG_COMPILER_APPICON_NAME = AppIcon;
				ASSETCATALOG_COMPILER_GLOBAL_ACCENT_COLOR_NAME = AccentColor;
				CODE_SIGN_STYLE = Automatic;
				CURRENT_PROJECT_VERSION = 1;
				DEVELOPMENT_TEAM = 3YZWNV863X;
				GENERATE_INFOPLIST_FILE = YES;
				INFOPLIST_FILE = FakeNFT/Info.plist;
				INFOPLIST_KEY_UIApplicationSupportsIndirectInputEvents = YES;
				INFOPLIST_KEY_UILaunchStoryboardName = LaunchScreen;
				INFOPLIST_KEY_UISupportedInterfaceOrientations_iPad = "UIInterfaceOrientationPortrait UIInterfaceOrientationPortraitUpsideDown UIInterfaceOrientationLandscapeLeft UIInterfaceOrientationLandscapeRight";
				INFOPLIST_KEY_UISupportedInterfaceOrientations_iPhone = "UIInterfaceOrientationPortrait UIInterfaceOrientationLandscapeLeft UIInterfaceOrientationLandscapeRight";
				IPHONEOS_DEPLOYMENT_TARGET = 13.0;
				LD_RUNPATH_SEARCH_PATHS = (
					"$(inherited)",
					"@executable_path/Frameworks",
				);
				MARKETING_VERSION = 1.0;
				PRODUCT_BUNDLE_IDENTIFIER = pavel.afanasiev.FakeNFT;
				PRODUCT_NAME = "$(TARGET_NAME)";
				SWIFT_EMIT_LOC_STRINGS = YES;
				SWIFT_VERSION = 5.0;
				TARGETED_DEVICE_FAMILY = "1,2";
			};
			name = Debug;
		};
		3F6806BF29CBBAF200B4F915 /* Release */ = {
			isa = XCBuildConfiguration;
			buildSettings = {
				ASSETCATALOG_COMPILER_APPICON_NAME = AppIcon;
				ASSETCATALOG_COMPILER_GLOBAL_ACCENT_COLOR_NAME = AccentColor;
				CODE_SIGN_STYLE = Automatic;
				CURRENT_PROJECT_VERSION = 1;
				DEVELOPMENT_TEAM = 3YZWNV863X;
				GENERATE_INFOPLIST_FILE = YES;
				INFOPLIST_FILE = FakeNFT/Info.plist;
				INFOPLIST_KEY_UIApplicationSupportsIndirectInputEvents = YES;
				INFOPLIST_KEY_UILaunchStoryboardName = LaunchScreen;
				INFOPLIST_KEY_UISupportedInterfaceOrientations_iPad = "UIInterfaceOrientationPortrait UIInterfaceOrientationPortraitUpsideDown UIInterfaceOrientationLandscapeLeft UIInterfaceOrientationLandscapeRight";
				INFOPLIST_KEY_UISupportedInterfaceOrientations_iPhone = "UIInterfaceOrientationPortrait UIInterfaceOrientationLandscapeLeft UIInterfaceOrientationLandscapeRight";
				IPHONEOS_DEPLOYMENT_TARGET = 13.0;
				LD_RUNPATH_SEARCH_PATHS = (
					"$(inherited)",
					"@executable_path/Frameworks",
				);
				MARKETING_VERSION = 1.0;
				PRODUCT_BUNDLE_IDENTIFIER = pavel.afanasiev.FakeNFT;
				PRODUCT_NAME = "$(TARGET_NAME)";
				SWIFT_EMIT_LOC_STRINGS = YES;
				SWIFT_VERSION = 5.0;
				TARGETED_DEVICE_FAMILY = "1,2";
			};
			name = Release;
		};
		3F6806C129CBBAF200B4F915 /* Debug */ = {
			isa = XCBuildConfiguration;
			buildSettings = {
				ALWAYS_EMBED_SWIFT_STANDARD_LIBRARIES = YES;
				BUNDLE_LOADER = "$(TEST_HOST)";
				CODE_SIGN_STYLE = Automatic;
				CURRENT_PROJECT_VERSION = 1;
				GENERATE_INFOPLIST_FILE = YES;
				IPHONEOS_DEPLOYMENT_TARGET = 16.2;
				MARKETING_VERSION = 1.0;
				PRODUCT_BUNDLE_IDENTIFIER = com.practicum.FakeNFTTests;
				PRODUCT_NAME = "$(TARGET_NAME)";
				SWIFT_EMIT_LOC_STRINGS = NO;
				SWIFT_VERSION = 5.0;
				TARGETED_DEVICE_FAMILY = "1,2";
				TEST_HOST = "$(BUILT_PRODUCTS_DIR)/FakeNFT.app/$(BUNDLE_EXECUTABLE_FOLDER_PATH)/FakeNFT";
			};
			name = Debug;
		};
		3F6806C229CBBAF200B4F915 /* Release */ = {
			isa = XCBuildConfiguration;
			buildSettings = {
				ALWAYS_EMBED_SWIFT_STANDARD_LIBRARIES = YES;
				BUNDLE_LOADER = "$(TEST_HOST)";
				CODE_SIGN_STYLE = Automatic;
				CURRENT_PROJECT_VERSION = 1;
				GENERATE_INFOPLIST_FILE = YES;
				IPHONEOS_DEPLOYMENT_TARGET = 16.2;
				MARKETING_VERSION = 1.0;
				PRODUCT_BUNDLE_IDENTIFIER = com.practicum.FakeNFTTests;
				PRODUCT_NAME = "$(TARGET_NAME)";
				SWIFT_EMIT_LOC_STRINGS = NO;
				SWIFT_VERSION = 5.0;
				TARGETED_DEVICE_FAMILY = "1,2";
				TEST_HOST = "$(BUILT_PRODUCTS_DIR)/FakeNFT.app/$(BUNDLE_EXECUTABLE_FOLDER_PATH)/FakeNFT";
			};
			name = Release;
		};
		3F6806C429CBBAF200B4F915 /* Debug */ = {
			isa = XCBuildConfiguration;
			buildSettings = {
				ALWAYS_EMBED_SWIFT_STANDARD_LIBRARIES = YES;
				CODE_SIGN_STYLE = Automatic;
				CURRENT_PROJECT_VERSION = 1;
				GENERATE_INFOPLIST_FILE = YES;
				MARKETING_VERSION = 1.0;
				PRODUCT_BUNDLE_IDENTIFIER = com.practicum.FakeNFTUITests;
				PRODUCT_NAME = "$(TARGET_NAME)";
				SWIFT_EMIT_LOC_STRINGS = NO;
				SWIFT_VERSION = 5.0;
				TARGETED_DEVICE_FAMILY = "1,2";
				TEST_TARGET_NAME = FakeNFT;
			};
			name = Debug;
		};
		3F6806C529CBBAF200B4F915 /* Release */ = {
			isa = XCBuildConfiguration;
			buildSettings = {
				ALWAYS_EMBED_SWIFT_STANDARD_LIBRARIES = YES;
				CODE_SIGN_STYLE = Automatic;
				CURRENT_PROJECT_VERSION = 1;
				GENERATE_INFOPLIST_FILE = YES;
				MARKETING_VERSION = 1.0;
				PRODUCT_BUNDLE_IDENTIFIER = com.practicum.FakeNFTUITests;
				PRODUCT_NAME = "$(TARGET_NAME)";
				SWIFT_EMIT_LOC_STRINGS = NO;
				SWIFT_VERSION = 5.0;
				TARGETED_DEVICE_FAMILY = "1,2";
				TEST_TARGET_NAME = FakeNFT;
			};
			name = Release;
		};
/* End XCBuildConfiguration section */

/* Begin XCConfigurationList section */
		3F68068E29CBBAF100B4F915 /* Build configuration list for PBXProject "FakeNFT" */ = {
			isa = XCConfigurationList;
			buildConfigurations = (
				3F6806BB29CBBAF200B4F915 /* Debug */,
				3F6806BC29CBBAF200B4F915 /* Release */,
			);
			defaultConfigurationIsVisible = 0;
			defaultConfigurationName = Release;
		};
		3F6806BD29CBBAF200B4F915 /* Build configuration list for PBXNativeTarget "FakeNFT" */ = {
			isa = XCConfigurationList;
			buildConfigurations = (
				3F6806BE29CBBAF200B4F915 /* Debug */,
				3F6806BF29CBBAF200B4F915 /* Release */,
			);
			defaultConfigurationIsVisible = 0;
			defaultConfigurationName = Release;
		};
		3F6806C029CBBAF200B4F915 /* Build configuration list for PBXNativeTarget "FakeNFTTests" */ = {
			isa = XCConfigurationList;
			buildConfigurations = (
				3F6806C129CBBAF200B4F915 /* Debug */,
				3F6806C229CBBAF200B4F915 /* Release */,
			);
			defaultConfigurationIsVisible = 0;
			defaultConfigurationName = Release;
		};
		3F6806C329CBBAF200B4F915 /* Build configuration list for PBXNativeTarget "FakeNFTUITests" */ = {
			isa = XCConfigurationList;
			buildConfigurations = (
				3F6806C429CBBAF200B4F915 /* Debug */,
				3F6806C529CBBAF200B4F915 /* Release */,
			);
			defaultConfigurationIsVisible = 0;
			defaultConfigurationName = Release;
		};
/* End XCConfigurationList section */

/* Begin XCRemoteSwiftPackageReference section */
		3F603CCB29DB4A53000C43D7 /* XCRemoteSwiftPackageReference "ProgressHUD" */ = {
			isa = XCRemoteSwiftPackageReference;
			repositoryURL = "https://github.com/relatedcode/ProgressHUD";
			requirement = {
				kind = upToNextMajorVersion;
				minimumVersion = 13.0.0;
			};
		};
		3F603CCE29DB4A74000C43D7 /* XCRemoteSwiftPackageReference "Kingfisher" */ = {
			isa = XCRemoteSwiftPackageReference;
			repositoryURL = "https://github.com/onevcat/Kingfisher.git";
			requirement = {
				kind = upToNextMajorVersion;
				minimumVersion = 7.0.0;
			};
		};
		BEB15D482AA727E400FDC9C1 /* XCRemoteSwiftPackageReference "Cosmos" */ = {
			isa = XCRemoteSwiftPackageReference;
			repositoryURL = "https://github.com/evgenyneu/Cosmos.git";
			requirement = {
				kind = upToNextMajorVersion;
				minimumVersion = 23.0.0;
			};
		};
/* End XCRemoteSwiftPackageReference section */

/* Begin XCSwiftPackageProductDependency section */
		3F603CCC29DB4A53000C43D7 /* ProgressHUD */ = {
			isa = XCSwiftPackageProductDependency;
			package = 3F603CCB29DB4A53000C43D7 /* XCRemoteSwiftPackageReference "ProgressHUD" */;
			productName = ProgressHUD;
		};
		3F603CCF29DB4A74000C43D7 /* Kingfisher */ = {
			isa = XCSwiftPackageProductDependency;
			package = 3F603CCE29DB4A74000C43D7 /* XCRemoteSwiftPackageReference "Kingfisher" */;
			productName = Kingfisher;
		};
		BEB15D492AA727E400FDC9C1 /* Cosmos */ = {
			isa = XCSwiftPackageProductDependency;
			package = BEB15D482AA727E400FDC9C1 /* XCRemoteSwiftPackageReference "Cosmos" */;
			productName = Cosmos;
		};
/* End XCSwiftPackageProductDependency section */
	};
	rootObject = 3F68068B29CBBAF100B4F915 /* Project object */;
}
